
Microsoft Visual Studio Solution File, Format Version 12.00
# Visual Studio Version 17
VisualStudioVersion = 17.0.32112.339
MinimumVisualStudioVersion = 10.0.40219.1
Project("{8BC9CEB8-8B4A-11D0-8D11-00A0C91BC942}") = "VAC Bypass 2022", "VAC Bypass 2022\VAC Bypass 2022.vcxproj", "{BAF2F41A-C400-43EA-AC0D-902F4C8ABDA5}"
EndProject
Global
	GlobalSection(SolutionConfigurationPlatforms) = preSolution
		Debug|x64 = Debug|x64
		Debug|x86 = Debug|x86
		Release|x64 = Release|x64
		Release|x86 = Release|x86
	EndGlobalSection
	GlobalSection(ProjectConfigurationPlatforms) = postSolution
		{BAF2F41A-C400-43EA-AC0D-902F4C8ABDA5}.Debug|x64.ActiveCfg = Debug|x64
		{BAF2F41A-C400-43EA-AC0D-902F4C8ABDA5}.Debug|x64.Build.0 = Debug|x64
		{BAF2F41A-C400-43EA-AC0D-902F4C8ABDA5}.Debug|x86.ActiveCfg = Debug|Win32
		{BAF2F41A-C400-43EA-AC0D-902F4C8ABDA5}.Debug|x86.Build.0 = Debug|Win32
		{BAF2F41A-C400-43EA-AC0D-902F4C8ABDA5}.Release|x64.ActiveCfg = Release|x64
		{BAF2F41A-C400-43EA-AC0D-902F4C8ABDA5}.Release|x64.Build.0 = Release|x64
		{BAF2F41A-C400-43EA-AC0D-902F4C8ABDA5}.Release|x86.ActiveCfg = Release|Win32
		{BAF2F41A-C400-43EA-AC0D-902F4C8ABDA5}.Release|x86.Build.0 = Release|Win32
	EndGlobalSection
	GlobalSection(SolutionProperties) = preSolution
		HideSolutionNode = FALSE
	EndGlobalSection
	GlobalSection(ExtensibilityGlobals) = postSolution
		SolutionGuid = {2639439B-08C2-4E15-AD11-60A502F29FD5}
	EndGlobalSection
EndGlobal
